// !$*UTF8*$!
{
	archiveVersion = 1;
	classes = {
	};
	objectVersion = 55;
	objects = {

/* Begin PBXBuildFile section */
		1B0460DB281EB1C1001141B4 /* RandomUIKit in Frameworks */ = {isa = PBXBuildFile; productRef = 1B0460DA281EB1C1001141B4 /* RandomUIKit */; };
		1B046106281EE842001141B4 /* MainCardTableViewCell.swift in Sources */ = {isa = PBXBuildFile; fileRef = 1B046105281EE842001141B4 /* MainCardTableViewCell.swift */; };
		1B046108281EF87B001141B4 /* ComposableTableDataSource.swift in Sources */ = {isa = PBXBuildFile; fileRef = 1B046107281EF87B001141B4 /* ComposableTableDataSource.swift */; };
		1B04610D281F0443001141B4 /* MainScreenCoordinator.swift in Sources */ = {isa = PBXBuildFile; fileRef = 1B04610A281F0443001141B4 /* MainScreenCoordinator.swift */; };
		1B04610E281F0443001141B4 /* RootCoordinator.swift in Sources */ = {isa = PBXBuildFile; fileRef = 1B04610B281F0443001141B4 /* RootCoordinator.swift */; };
		1B04610F281F0443001141B4 /* Coordinator.swift in Sources */ = {isa = PBXBuildFile; fileRef = 1B04610C281F0443001141B4 /* Coordinator.swift */; };
		1B046117281F1754001141B4 /* MainScreenFactory.swift in Sources */ = {isa = PBXBuildFile; fileRef = 1B046112281F1754001141B4 /* MainScreenFactory.swift */; };
		1B046118281F1754001141B4 /* MainScreenViewController.swift in Sources */ = {isa = PBXBuildFile; fileRef = 1B046113281F1754001141B4 /* MainScreenViewController.swift */; };
		1B046119281F1754001141B4 /* MainScreenAssembly.swift in Sources */ = {isa = PBXBuildFile; fileRef = 1B046114281F1754001141B4 /* MainScreenAssembly.swift */; };
		1B04611A281F1754001141B4 /* MainScreenInteractor.swift in Sources */ = {isa = PBXBuildFile; fileRef = 1B046115281F1754001141B4 /* MainScreenInteractor.swift */; };
		1B04611B281F1754001141B4 /* MainScreenView.swift in Sources */ = {isa = PBXBuildFile; fileRef = 1B046116281F1754001141B4 /* MainScreenView.swift */; };
		1B046123281F1B50001141B4 /* MainScreenCollectionViewCell.swift in Sources */ = {isa = PBXBuildFile; fileRef = 1B046122281F1B50001141B4 /* MainScreenCollectionViewCell.swift */; };
		1B046125281F1E54001141B4 /* MainScreenCell.swift in Sources */ = {isa = PBXBuildFile; fileRef = 1B046124281F1E54001141B4 /* MainScreenCell.swift */; };
		1B04612D281F3E5E001141B4 /* ColorsScreenFactory.swift in Sources */ = {isa = PBXBuildFile; fileRef = 1B046128281F3E5E001141B4 /* ColorsScreenFactory.swift */; };
		1B04612E281F3E5E001141B4 /* ColorsScreenViewController.swift in Sources */ = {isa = PBXBuildFile; fileRef = 1B046129281F3E5E001141B4 /* ColorsScreenViewController.swift */; };
		1B04612F281F3E5E001141B4 /* ColorsScreenAssembly.swift in Sources */ = {isa = PBXBuildFile; fileRef = 1B04612A281F3E5E001141B4 /* ColorsScreenAssembly.swift */; };
		1B046130281F3E5E001141B4 /* ColorsScreenInteractor.swift in Sources */ = {isa = PBXBuildFile; fileRef = 1B04612B281F3E5E001141B4 /* ColorsScreenInteractor.swift */; };
		1B046131281F3E5E001141B4 /* ColorsScreenView.swift in Sources */ = {isa = PBXBuildFile; fileRef = 1B04612C281F3E5E001141B4 /* ColorsScreenView.swift */; };
		1B046139281F3EDD001141B4 /* ColorsScreenCoordinator.swift in Sources */ = {isa = PBXBuildFile; fileRef = 1B046138281F3EDD001141B4 /* ColorsScreenCoordinator.swift */; };
		1B04613C281F40B9001141B4 /* ColorsScreenCell.swift in Sources */ = {isa = PBXBuildFile; fileRef = 1B04613B281F40B9001141B4 /* ColorsScreenCell.swift */; };
		1B04613E281F42D0001141B4 /* ColorsScreenViewCell.swift in Sources */ = {isa = PBXBuildFile; fileRef = 1B04613D281F42D0001141B4 /* ColorsScreenViewCell.swift */; };
		1B046145281F494A001141B4 /* FontsScreenFactory.swift in Sources */ = {isa = PBXBuildFile; fileRef = 1B046140281F494A001141B4 /* FontsScreenFactory.swift */; };
		1B046146281F494A001141B4 /* FontsScreenViewController.swift in Sources */ = {isa = PBXBuildFile; fileRef = 1B046141281F494A001141B4 /* FontsScreenViewController.swift */; };
		1B046147281F494A001141B4 /* FontsScreenAssembly.swift in Sources */ = {isa = PBXBuildFile; fileRef = 1B046142281F494A001141B4 /* FontsScreenAssembly.swift */; };
		1B046148281F494A001141B4 /* FontsScreenInteractor.swift in Sources */ = {isa = PBXBuildFile; fileRef = 1B046143281F494A001141B4 /* FontsScreenInteractor.swift */; };
		1B046149281F494A001141B4 /* FontsScreenView.swift in Sources */ = {isa = PBXBuildFile; fileRef = 1B046144281F494A001141B4 /* FontsScreenView.swift */; };
		1B046151281F49A4001141B4 /* FontsScreenCell.swift in Sources */ = {isa = PBXBuildFile; fileRef = 1B046150281F49A4001141B4 /* FontsScreenCell.swift */; };
		1B046154281F4A77001141B4 /* FontsScreenCoordinator.swift in Sources */ = {isa = PBXBuildFile; fileRef = 1B046153281F4A77001141B4 /* FontsScreenCoordinator.swift */; };
		1B046156281F4CFB001141B4 /* FontsScreenViewCell.swift in Sources */ = {isa = PBXBuildFile; fileRef = 1B046155281F4CFB001141B4 /* FontsScreenViewCell.swift */; };
		1B04615D281F51C5001141B4 /* CellsScreenFactory.swift in Sources */ = {isa = PBXBuildFile; fileRef = 1B046158281F51C5001141B4 /* CellsScreenFactory.swift */; };
		1B04615E281F51C5001141B4 /* CellsScreenViewController.swift in Sources */ = {isa = PBXBuildFile; fileRef = 1B046159281F51C5001141B4 /* CellsScreenViewController.swift */; };
		1B04615F281F51C5001141B4 /* CellsScreenAssembly.swift in Sources */ = {isa = PBXBuildFile; fileRef = 1B04615A281F51C5001141B4 /* CellsScreenAssembly.swift */; };
		1B046160281F51C5001141B4 /* CellsScreenInteractor.swift in Sources */ = {isa = PBXBuildFile; fileRef = 1B04615B281F51C5001141B4 /* CellsScreenInteractor.swift */; };
		1B046161281F51C5001141B4 /* CellsScreenView.swift in Sources */ = {isa = PBXBuildFile; fileRef = 1B04615C281F51C5001141B4 /* CellsScreenView.swift */; };
		1B046169281F5263001141B4 /* CellsScreenCoordinator.swift in Sources */ = {isa = PBXBuildFile; fileRef = 1B046168281F5263001141B4 /* CellsScreenCoordinator.swift */; };
		1B04616E281F5868001141B4 /* CellsScreenDataSource.swift in Sources */ = {isa = PBXBuildFile; fileRef = 1B04616D281F5868001141B4 /* CellsScreenDataSource.swift */; };
		1B046171281F596D001141B4 /* CellsScreenDataSource+MainCard.swift in Sources */ = {isa = PBXBuildFile; fileRef = 1B046170281F596D001141B4 /* CellsScreenDataSource+MainCard.swift */; };
		1B0ED19D28D48441001BACF6 /* CellsScreenDataSource+TextFielAddPlayer.swift in Sources */ = {isa = PBXBuildFile; fileRef = 1B0ED19C28D48441001BACF6 /* CellsScreenDataSource+TextFielAddPlayer.swift */; };
		1B3EF134287B0A4500D667E1 /* CellsScreenDataSource+LabelAndSwitchWithSegmented.swift in Sources */ = {isa = PBXBuildFile; fileRef = 1B3EF133287B0A4500D667E1 /* CellsScreenDataSource+LabelAndSwitchWithSegmented.swift */; };
		1B50066C28A6CA9F009AABF2 /* CellsScreenDataSource+Player.swift in Sources */ = {isa = PBXBuildFile; fileRef = 1B50066B28A6CA9F009AABF2 /* CellsScreenDataSource+Player.swift */; };
		1B50066E28A6CAB2009AABF2 /* PlayerTableViewCell.swift in Sources */ = {isa = PBXBuildFile; fileRef = 1B50066D28A6CAB2009AABF2 /* PlayerTableViewCell.swift */; };
		1B7431A428A7B1D500205C2C /* CellsScreenDataSource+PlayerInfo.swift in Sources */ = {isa = PBXBuildFile; fileRef = 1B7431A328A7B1D500205C2C /* CellsScreenDataSource+PlayerInfo.swift */; };
		1B7431AA28A7C83F00205C2C /* CellsScreenDataSource+TextFieldWithButton.swift in Sources */ = {isa = PBXBuildFile; fileRef = 1B7431A928A7C83F00205C2C /* CellsScreenDataSource+TextFieldWithButton.swift */; };
		1B96E0C4281FEE8800A23880 /* LabelGradientTableViewCell.swift in Sources */ = {isa = PBXBuildFile; fileRef = 1B96E0C3281FEE8800A23880 /* LabelGradientTableViewCell.swift */; };
		1B96E0C6281FEEC600A23880 /* CellsScreenDataSource+LabelGradient.swift in Sources */ = {isa = PBXBuildFile; fileRef = 1B96E0C5281FEEC600A23880 /* CellsScreenDataSource+LabelGradient.swift */; };
		1B96E0CB281FFB8900A23880 /* CellsScreenDataSource+Button.swift in Sources */ = {isa = PBXBuildFile; fileRef = 1B96E0CA281FFB8900A23880 /* CellsScreenDataSource+Button.swift */; };
		1B96E0D22820131500A23880 /* CellsScreenDataSource+TextField.swift in Sources */ = {isa = PBXBuildFile; fileRef = 1B96E0D12820131500A23880 /* CellsScreenDataSource+TextField.swift */; };
		1B96E0D42820133E00A23880 /* TextFieldTableViewCell.swift in Sources */ = {isa = PBXBuildFile; fileRef = 1B96E0D32820133E00A23880 /* TextFieldTableViewCell.swift */; };
		1B96E0D8282015F000A23880 /* KeyboardService.swift in Sources */ = {isa = PBXBuildFile; fileRef = 1B96E0D7282015F000A23880 /* KeyboardService.swift */; };
		1B96E0DF2820297300A23880 /* CellsScreenDataSource+ScrollLabelGradient.swift in Sources */ = {isa = PBXBuildFile; fileRef = 1B96E0DE2820297300A23880 /* CellsScreenDataSource+ScrollLabelGradient.swift */; };
		1B96E0E12820299500A23880 /* ScrollLabelGradientTableViewCell.swift in Sources */ = {isa = PBXBuildFile; fileRef = 1B96E0E02820299500A23880 /* ScrollLabelGradientTableViewCell.swift */; };
		1B9D456B283C370900A85F25 /* CustomPaddingCell.swift in Sources */ = {isa = PBXBuildFile; fileRef = 1B9D456A283C370900A85F25 /* CustomPaddingCell.swift */; };
		1B9D456D283C3AA700A85F25 /* CellsScreenDataSource+CustomPaddingCell.swift in Sources */ = {isa = PBXBuildFile; fileRef = 1B9D456C283C3AA700A85F25 /* CellsScreenDataSource+CustomPaddingCell.swift */; };
		1BABD3F1283ACB0500816B8C /* CellsScreenDataSource+CustomTextCell.swift in Sources */ = {isa = PBXBuildFile; fileRef = 1BABD3F0283ACB0500816B8C /* CellsScreenDataSource+CustomTextCell.swift */; };
		1BB57056281C4F7A00AAF8BD /* AppDelegate.swift in Sources */ = {isa = PBXBuildFile; fileRef = 1BB57055281C4F7A00AAF8BD /* AppDelegate.swift */; };
		1BB57058281C4F7A00AAF8BD /* SceneDelegate.swift in Sources */ = {isa = PBXBuildFile; fileRef = 1BB57057281C4F7A00AAF8BD /* SceneDelegate.swift */; };
		1BB5705F281C4F7B00AAF8BD /* Assets.xcassets in Resources */ = {isa = PBXBuildFile; fileRef = 1BB5705E281C4F7B00AAF8BD /* Assets.xcassets */; };
		1BB57062281C4F7B00AAF8BD /* LaunchScreen.storyboard in Resources */ = {isa = PBXBuildFile; fileRef = 1BB57060281C4F7B00AAF8BD /* LaunchScreen.storyboard */; };
		1BB8624E28A94A31000C0372 /* CellsScreenDataSource+DividerTableViewCell.swift in Sources */ = {isa = PBXBuildFile; fileRef = 1BB8624D28A94A31000C0372 /* CellsScreenDataSource+DividerTableViewCell.swift */; };
		1BC179BF2975B16100A8FB95 /* CellsScreenDataSource+HeaderTitleAndSubtitleViewCell.swift in Sources */ = {isa = PBXBuildFile; fileRef = 1BC179BE2975B16100A8FB95 /* CellsScreenDataSource+HeaderTitleAndSubtitleViewCell.swift */; };
		1BF061442974605F00DD6C76 /* CellsScreenCell.swift in Sources */ = {isa = PBXBuildFile; fileRef = 1BF061432974605F00DD6C76 /* CellsScreenCell.swift */; };
		1BF0614B2974609100DD6C76 /* CellsScreenDataSource+OnboardingViewCell.swift in Sources */ = {isa = PBXBuildFile; fileRef = 1BF061462974609100DD6C76 /* CellsScreenDataSource+OnboardingViewCell.swift */; };
		1BF0614C2974609100DD6C76 /* CellsScreenDataSource+LinkTextViewCell.swift in Sources */ = {isa = PBXBuildFile; fileRef = 1BF061482974609100DD6C76 /* CellsScreenDataSource+LinkTextViewCell.swift */; };
		1BF0614D2974609100DD6C76 /* CellsScreenDataSource+PurchasesCardsCell.swift in Sources */ = {isa = PBXBuildFile; fileRef = 1BF0614A2974609100DD6C76 /* CellsScreenDataSource+PurchasesCardsCell.swift */; };
		6C18DB44283AA6630031CC05 /* CellsScreenDataSource+LabelAndSwitchCell.swift in Sources */ = {isa = PBXBuildFile; fileRef = 6C18DB43283AA6630031CC05 /* CellsScreenDataSource+LabelAndSwitchCell.swift */; };
		6C18DB4B283AB9D50031CC05 /* CellsScreenDataSource+DoubleTitleCell.swift in Sources */ = {isa = PBXBuildFile; fileRef = 6C18DB4A283AB9D50031CC05 /* CellsScreenDataSource+DoubleTitleCell.swift */; };
		6C18DB50283AC04D0031CC05 /* CellsScreenDataSource+LabelAndImageCell.swift in Sources */ = {isa = PBXBuildFile; fileRef = 6C18DB4F283AC04D0031CC05 /* CellsScreenDataSource+LabelAndImageCell.swift */; };
		6C18DB55283AC5620031CC05 /* CellsScreenDataSource+SmallButtonCell.swift in Sources */ = {isa = PBXBuildFile; fileRef = 6C18DB54283AC5620031CC05 /* CellsScreenDataSource+SmallButtonCell.swift */; };
/* End PBXBuildFile section */

/* Begin PBXFileReference section */
		1B046105281EE842001141B4 /* MainCardTableViewCell.swift */ = {isa = PBXFileReference; lastKnownFileType = sourcecode.swift; path = MainCardTableViewCell.swift; sourceTree = "<group>"; };
		1B046107281EF87B001141B4 /* ComposableTableDataSource.swift */ = {isa = PBXFileReference; lastKnownFileType = sourcecode.swift; path = ComposableTableDataSource.swift; sourceTree = "<group>"; };
		1B04610A281F0443001141B4 /* MainScreenCoordinator.swift */ = {isa = PBXFileReference; lastKnownFileType = sourcecode.swift; path = MainScreenCoordinator.swift; sourceTree = "<group>"; };
		1B04610B281F0443001141B4 /* RootCoordinator.swift */ = {isa = PBXFileReference; lastKnownFileType = sourcecode.swift; path = RootCoordinator.swift; sourceTree = "<group>"; };
		1B04610C281F0443001141B4 /* Coordinator.swift */ = {isa = PBXFileReference; lastKnownFileType = sourcecode.swift; path = Coordinator.swift; sourceTree = "<group>"; };
		1B046112281F1754001141B4 /* MainScreenFactory.swift */ = {isa = PBXFileReference; lastKnownFileType = sourcecode.swift; path = MainScreenFactory.swift; sourceTree = "<group>"; };
		1B046113281F1754001141B4 /* MainScreenViewController.swift */ = {isa = PBXFileReference; lastKnownFileType = sourcecode.swift; path = MainScreenViewController.swift; sourceTree = "<group>"; };
		1B046114281F1754001141B4 /* MainScreenAssembly.swift */ = {isa = PBXFileReference; lastKnownFileType = sourcecode.swift; path = MainScreenAssembly.swift; sourceTree = "<group>"; };
		1B046115281F1754001141B4 /* MainScreenInteractor.swift */ = {isa = PBXFileReference; lastKnownFileType = sourcecode.swift; path = MainScreenInteractor.swift; sourceTree = "<group>"; };
		1B046116281F1754001141B4 /* MainScreenView.swift */ = {isa = PBXFileReference; lastKnownFileType = sourcecode.swift; path = MainScreenView.swift; sourceTree = "<group>"; };
		1B046122281F1B50001141B4 /* MainScreenCollectionViewCell.swift */ = {isa = PBXFileReference; lastKnownFileType = sourcecode.swift; path = MainScreenCollectionViewCell.swift; sourceTree = "<group>"; };
		1B046124281F1E54001141B4 /* MainScreenCell.swift */ = {isa = PBXFileReference; lastKnownFileType = sourcecode.swift; path = MainScreenCell.swift; sourceTree = "<group>"; };
		1B046128281F3E5E001141B4 /* ColorsScreenFactory.swift */ = {isa = PBXFileReference; lastKnownFileType = sourcecode.swift; path = ColorsScreenFactory.swift; sourceTree = "<group>"; };
		1B046129281F3E5E001141B4 /* ColorsScreenViewController.swift */ = {isa = PBXFileReference; lastKnownFileType = sourcecode.swift; path = ColorsScreenViewController.swift; sourceTree = "<group>"; };
		1B04612A281F3E5E001141B4 /* ColorsScreenAssembly.swift */ = {isa = PBXFileReference; lastKnownFileType = sourcecode.swift; path = ColorsScreenAssembly.swift; sourceTree = "<group>"; };
		1B04612B281F3E5E001141B4 /* ColorsScreenInteractor.swift */ = {isa = PBXFileReference; lastKnownFileType = sourcecode.swift; path = ColorsScreenInteractor.swift; sourceTree = "<group>"; };
		1B04612C281F3E5E001141B4 /* ColorsScreenView.swift */ = {isa = PBXFileReference; lastKnownFileType = sourcecode.swift; path = ColorsScreenView.swift; sourceTree = "<group>"; };
		1B046138281F3EDD001141B4 /* ColorsScreenCoordinator.swift */ = {isa = PBXFileReference; lastKnownFileType = sourcecode.swift; path = ColorsScreenCoordinator.swift; sourceTree = "<group>"; };
		1B04613B281F40B9001141B4 /* ColorsScreenCell.swift */ = {isa = PBXFileReference; lastKnownFileType = sourcecode.swift; path = ColorsScreenCell.swift; sourceTree = "<group>"; };
		1B04613D281F42D0001141B4 /* ColorsScreenViewCell.swift */ = {isa = PBXFileReference; lastKnownFileType = sourcecode.swift; path = ColorsScreenViewCell.swift; sourceTree = "<group>"; };
		1B046140281F494A001141B4 /* FontsScreenFactory.swift */ = {isa = PBXFileReference; lastKnownFileType = sourcecode.swift; path = FontsScreenFactory.swift; sourceTree = "<group>"; };
		1B046141281F494A001141B4 /* FontsScreenViewController.swift */ = {isa = PBXFileReference; lastKnownFileType = sourcecode.swift; path = FontsScreenViewController.swift; sourceTree = "<group>"; };
		1B046142281F494A001141B4 /* FontsScreenAssembly.swift */ = {isa = PBXFileReference; lastKnownFileType = sourcecode.swift; path = FontsScreenAssembly.swift; sourceTree = "<group>"; };
		1B046143281F494A001141B4 /* FontsScreenInteractor.swift */ = {isa = PBXFileReference; lastKnownFileType = sourcecode.swift; path = FontsScreenInteractor.swift; sourceTree = "<group>"; };
		1B046144281F494A001141B4 /* FontsScreenView.swift */ = {isa = PBXFileReference; lastKnownFileType = sourcecode.swift; path = FontsScreenView.swift; sourceTree = "<group>"; };
		1B046150281F49A4001141B4 /* FontsScreenCell.swift */ = {isa = PBXFileReference; lastKnownFileType = sourcecode.swift; path = FontsScreenCell.swift; sourceTree = "<group>"; };
		1B046153281F4A77001141B4 /* FontsScreenCoordinator.swift */ = {isa = PBXFileReference; lastKnownFileType = sourcecode.swift; path = FontsScreenCoordinator.swift; sourceTree = "<group>"; };
		1B046155281F4CFB001141B4 /* FontsScreenViewCell.swift */ = {isa = PBXFileReference; lastKnownFileType = sourcecode.swift; path = FontsScreenViewCell.swift; sourceTree = "<group>"; };
		1B046158281F51C5001141B4 /* CellsScreenFactory.swift */ = {isa = PBXFileReference; lastKnownFileType = sourcecode.swift; path = CellsScreenFactory.swift; sourceTree = "<group>"; };
		1B046159281F51C5001141B4 /* CellsScreenViewController.swift */ = {isa = PBXFileReference; lastKnownFileType = sourcecode.swift; path = CellsScreenViewController.swift; sourceTree = "<group>"; };
		1B04615A281F51C5001141B4 /* CellsScreenAssembly.swift */ = {isa = PBXFileReference; lastKnownFileType = sourcecode.swift; path = CellsScreenAssembly.swift; sourceTree = "<group>"; };
		1B04615B281F51C5001141B4 /* CellsScreenInteractor.swift */ = {isa = PBXFileReference; lastKnownFileType = sourcecode.swift; path = CellsScreenInteractor.swift; sourceTree = "<group>"; };
		1B04615C281F51C5001141B4 /* CellsScreenView.swift */ = {isa = PBXFileReference; lastKnownFileType = sourcecode.swift; path = CellsScreenView.swift; sourceTree = "<group>"; };
		1B046168281F5263001141B4 /* CellsScreenCoordinator.swift */ = {isa = PBXFileReference; lastKnownFileType = sourcecode.swift; path = CellsScreenCoordinator.swift; sourceTree = "<group>"; };
		1B04616D281F5868001141B4 /* CellsScreenDataSource.swift */ = {isa = PBXFileReference; lastKnownFileType = sourcecode.swift; path = CellsScreenDataSource.swift; sourceTree = "<group>"; };
		1B046170281F596D001141B4 /* CellsScreenDataSource+MainCard.swift */ = {isa = PBXFileReference; lastKnownFileType = sourcecode.swift; path = "CellsScreenDataSource+MainCard.swift"; sourceTree = "<group>"; };
		1B0ED19C28D48441001BACF6 /* CellsScreenDataSource+TextFielAddPlayer.swift */ = {isa = PBXFileReference; lastKnownFileType = sourcecode.swift; path = "CellsScreenDataSource+TextFielAddPlayer.swift"; sourceTree = "<group>"; };
		1B2D4DCF281C69AE003C201D /* RandomUIKit */ = {isa = PBXFileReference; lastKnownFileType = wrapper; name = RandomUIKit; path = ..; sourceTree = "<group>"; };
		1B3EF133287B0A4500D667E1 /* CellsScreenDataSource+LabelAndSwitchWithSegmented.swift */ = {isa = PBXFileReference; lastKnownFileType = sourcecode.swift; path = "CellsScreenDataSource+LabelAndSwitchWithSegmented.swift"; sourceTree = "<group>"; };
		1B50066B28A6CA9F009AABF2 /* CellsScreenDataSource+Player.swift */ = {isa = PBXFileReference; lastKnownFileType = sourcecode.swift; path = "CellsScreenDataSource+Player.swift"; sourceTree = "<group>"; };
		1B50066D28A6CAB2009AABF2 /* PlayerTableViewCell.swift */ = {isa = PBXFileReference; lastKnownFileType = sourcecode.swift; path = PlayerTableViewCell.swift; sourceTree = "<group>"; };
		1B7431A328A7B1D500205C2C /* CellsScreenDataSource+PlayerInfo.swift */ = {isa = PBXFileReference; lastKnownFileType = sourcecode.swift; path = "CellsScreenDataSource+PlayerInfo.swift"; sourceTree = "<group>"; };
		1B7431A928A7C83F00205C2C /* CellsScreenDataSource+TextFieldWithButton.swift */ = {isa = PBXFileReference; lastKnownFileType = sourcecode.swift; path = "CellsScreenDataSource+TextFieldWithButton.swift"; sourceTree = "<group>"; };
		1B96E0C3281FEE8800A23880 /* LabelGradientTableViewCell.swift */ = {isa = PBXFileReference; lastKnownFileType = sourcecode.swift; path = LabelGradientTableViewCell.swift; sourceTree = "<group>"; };
		1B96E0C5281FEEC600A23880 /* CellsScreenDataSource+LabelGradient.swift */ = {isa = PBXFileReference; lastKnownFileType = sourcecode.swift; path = "CellsScreenDataSource+LabelGradient.swift"; sourceTree = "<group>"; };
		1B96E0CA281FFB8900A23880 /* CellsScreenDataSource+Button.swift */ = {isa = PBXFileReference; lastKnownFileType = sourcecode.swift; path = "CellsScreenDataSource+Button.swift"; sourceTree = "<group>"; };
		1B96E0D12820131500A23880 /* CellsScreenDataSource+TextField.swift */ = {isa = PBXFileReference; lastKnownFileType = sourcecode.swift; path = "CellsScreenDataSource+TextField.swift"; sourceTree = "<group>"; };
		1B96E0D32820133E00A23880 /* TextFieldTableViewCell.swift */ = {isa = PBXFileReference; lastKnownFileType = sourcecode.swift; path = TextFieldTableViewCell.swift; sourceTree = "<group>"; };
		1B96E0D7282015F000A23880 /* KeyboardService.swift */ = {isa = PBXFileReference; lastKnownFileType = sourcecode.swift; path = KeyboardService.swift; sourceTree = "<group>"; };
		1B96E0DE2820297300A23880 /* CellsScreenDataSource+ScrollLabelGradient.swift */ = {isa = PBXFileReference; lastKnownFileType = sourcecode.swift; path = "CellsScreenDataSource+ScrollLabelGradient.swift"; sourceTree = "<group>"; };
		1B96E0E02820299500A23880 /* ScrollLabelGradientTableViewCell.swift */ = {isa = PBXFileReference; lastKnownFileType = sourcecode.swift; path = ScrollLabelGradientTableViewCell.swift; sourceTree = "<group>"; };
		1B9D456A283C370900A85F25 /* CustomPaddingCell.swift */ = {isa = PBXFileReference; lastKnownFileType = sourcecode.swift; path = CustomPaddingCell.swift; sourceTree = "<group>"; };
		1B9D456C283C3AA700A85F25 /* CellsScreenDataSource+CustomPaddingCell.swift */ = {isa = PBXFileReference; lastKnownFileType = sourcecode.swift; path = "CellsScreenDataSource+CustomPaddingCell.swift"; sourceTree = "<group>"; };
		1BABD3F0283ACB0500816B8C /* CellsScreenDataSource+CustomTextCell.swift */ = {isa = PBXFileReference; lastKnownFileType = sourcecode.swift; path = "CellsScreenDataSource+CustomTextCell.swift"; sourceTree = "<group>"; };
		1BB57052281C4F7A00AAF8BD /* RandomUIKitExample.app */ = {isa = PBXFileReference; explicitFileType = wrapper.application; includeInIndex = 0; path = RandomUIKitExample.app; sourceTree = BUILT_PRODUCTS_DIR; };
		1BB57055281C4F7A00AAF8BD /* AppDelegate.swift */ = {isa = PBXFileReference; lastKnownFileType = sourcecode.swift; path = AppDelegate.swift; sourceTree = "<group>"; };
		1BB57057281C4F7A00AAF8BD /* SceneDelegate.swift */ = {isa = PBXFileReference; lastKnownFileType = sourcecode.swift; path = SceneDelegate.swift; sourceTree = "<group>"; };
		1BB5705E281C4F7B00AAF8BD /* Assets.xcassets */ = {isa = PBXFileReference; lastKnownFileType = folder.assetcatalog; path = Assets.xcassets; sourceTree = "<group>"; };
		1BB57061281C4F7B00AAF8BD /* Base */ = {isa = PBXFileReference; lastKnownFileType = file.storyboard; name = Base; path = Base.lproj/LaunchScreen.storyboard; sourceTree = "<group>"; };
		1BB57063281C4F7B00AAF8BD /* Info.plist */ = {isa = PBXFileReference; lastKnownFileType = text.plist.xml; path = Info.plist; sourceTree = "<group>"; };
		1BB8624D28A94A31000C0372 /* CellsScreenDataSource+DividerTableViewCell.swift */ = {isa = PBXFileReference; lastKnownFileType = sourcecode.swift; path = "CellsScreenDataSource+DividerTableViewCell.swift"; sourceTree = "<group>"; };
		1BC179BE2975B16100A8FB95 /* CellsScreenDataSource+HeaderTitleAndSubtitleViewCell.swift */ = {isa = PBXFileReference; lastKnownFileType = sourcecode.swift; path = "CellsScreenDataSource+HeaderTitleAndSubtitleViewCell.swift"; sourceTree = "<group>"; };
		1BF061432974605F00DD6C76 /* CellsScreenCell.swift */ = {isa = PBXFileReference; fileEncoding = 4; lastKnownFileType = sourcecode.swift; path = CellsScreenCell.swift; sourceTree = "<group>"; };
		1BF061462974609100DD6C76 /* CellsScreenDataSource+OnboardingViewCell.swift */ = {isa = PBXFileReference; fileEncoding = 4; lastKnownFileType = sourcecode.swift; path = "CellsScreenDataSource+OnboardingViewCell.swift"; sourceTree = "<group>"; };
		1BF061482974609100DD6C76 /* CellsScreenDataSource+LinkTextViewCell.swift */ = {isa = PBXFileReference; fileEncoding = 4; lastKnownFileType = sourcecode.swift; path = "CellsScreenDataSource+LinkTextViewCell.swift"; sourceTree = "<group>"; };
		1BF0614A2974609100DD6C76 /* CellsScreenDataSource+PurchasesCardsCell.swift */ = {isa = PBXFileReference; fileEncoding = 4; lastKnownFileType = sourcecode.swift; path = "CellsScreenDataSource+PurchasesCardsCell.swift"; sourceTree = "<group>"; };
		6C18DB43283AA6630031CC05 /* CellsScreenDataSource+LabelAndSwitchCell.swift */ = {isa = PBXFileReference; lastKnownFileType = sourcecode.swift; path = "CellsScreenDataSource+LabelAndSwitchCell.swift"; sourceTree = "<group>"; };
		6C18DB4A283AB9D50031CC05 /* CellsScreenDataSource+DoubleTitleCell.swift */ = {isa = PBXFileReference; lastKnownFileType = sourcecode.swift; path = "CellsScreenDataSource+DoubleTitleCell.swift"; sourceTree = "<group>"; };
		6C18DB4F283AC04D0031CC05 /* CellsScreenDataSource+LabelAndImageCell.swift */ = {isa = PBXFileReference; lastKnownFileType = sourcecode.swift; path = "CellsScreenDataSource+LabelAndImageCell.swift"; sourceTree = "<group>"; };
		6C18DB54283AC5620031CC05 /* CellsScreenDataSource+SmallButtonCell.swift */ = {isa = PBXFileReference; lastKnownFileType = sourcecode.swift; path = "CellsScreenDataSource+SmallButtonCell.swift"; sourceTree = "<group>"; };
/* End PBXFileReference section */

/* Begin PBXFrameworksBuildPhase section */
		1BB5704F281C4F7A00AAF8BD /* Frameworks */ = {
			isa = PBXFrameworksBuildPhase;
			buildActionMask = 2147483647;
			files = (
				1B0460DB281EB1C1001141B4 /* RandomUIKit in Frameworks */,
			);
			runOnlyForDeploymentPostprocessing = 0;
		};
/* End PBXFrameworksBuildPhase section */

/* Begin PBXGroup section */
		1B0460D9281EB1C1001141B4 /* Frameworks */ = {
			isa = PBXGroup;
			children = (
			);
			name = Frameworks;
			sourceTree = "<group>";
		};
		1B046102281EE649001141B4 /* Extension */ = {
			isa = PBXGroup;
			children = (
				1B046107281EF87B001141B4 /* ComposableTableDataSource.swift */,
			);
			path = Extension;
			sourceTree = "<group>";
		};
		1B046109281F042C001141B4 /* Navigation */ = {
			isa = PBXGroup;
			children = (
				1B046126281F3DF8001141B4 /* MainScreenCoordinator */,
				1B04610B281F0443001141B4 /* RootCoordinator.swift */,
				1B04610C281F0443001141B4 /* Coordinator.swift */,
			);
			path = Navigation;
			sourceTree = "<group>";
		};
		1B046110281F1711001141B4 /* Modules */ = {
			isa = PBXGroup;
			children = (
				1B046157281F51AF001141B4 /* CellsScreenModule */,
				1B04613F281F493A001141B4 /* FontsScreenModule */,
				1B046127281F3E4A001141B4 /* ColorsScreenModule */,
				1B046111281F171B001141B4 /* MainScreenModule */,
			);
			path = Modules;
			sourceTree = "<group>";
		};
		1B046111281F171B001141B4 /* MainScreenModule */ = {
			isa = PBXGroup;
			children = (
				1B046121281F1848001141B4 /* Models */,
				1B046120281F1784001141B4 /* Interactor */,
				1B04611F281F176F001141B4 /* Assembly */,
				1B04611E281F1767001141B4 /* Factory */,
				1B04611D281F1760001141B4 /* Presenter */,
				1B04611C281F1758001141B4 /* View */,
			);
			path = MainScreenModule;
			sourceTree = "<group>";
		};
		1B04611C281F1758001141B4 /* View */ = {
			isa = PBXGroup;
			children = (
				1B046116281F1754001141B4 /* MainScreenView.swift */,
				1B046122281F1B50001141B4 /* MainScreenCollectionViewCell.swift */,
			);
			path = View;
			sourceTree = "<group>";
		};
		1B04611D281F1760001141B4 /* Presenter */ = {
			isa = PBXGroup;
			children = (
				1B046113281F1754001141B4 /* MainScreenViewController.swift */,
			);
			path = Presenter;
			sourceTree = "<group>";
		};
		1B04611E281F1767001141B4 /* Factory */ = {
			isa = PBXGroup;
			children = (
				1B046112281F1754001141B4 /* MainScreenFactory.swift */,
			);
			path = Factory;
			sourceTree = "<group>";
		};
		1B04611F281F176F001141B4 /* Assembly */ = {
			isa = PBXGroup;
			children = (
				1B046114281F1754001141B4 /* MainScreenAssembly.swift */,
			);
			path = Assembly;
			sourceTree = "<group>";
		};
		1B046120281F1784001141B4 /* Interactor */ = {
			isa = PBXGroup;
			children = (
				1B046115281F1754001141B4 /* MainScreenInteractor.swift */,
			);
			path = Interactor;
			sourceTree = "<group>";
		};
		1B046121281F1848001141B4 /* Models */ = {
			isa = PBXGroup;
			children = (
				1B046124281F1E54001141B4 /* MainScreenCell.swift */,
			);
			path = Models;
			sourceTree = "<group>";
		};
		1B046126281F3DF8001141B4 /* MainScreenCoordinator */ = {
			isa = PBXGroup;
			children = (
				1B04610A281F0443001141B4 /* MainScreenCoordinator.swift */,
				1B046167281F522F001141B4 /* CellsScreenCoordinator */,
				1B046152281F4A57001141B4 /* FontsScreenCoordinator */,
				1B046137281F3EBD001141B4 /* ColorsScreenCoordinator */,
			);
			path = MainScreenCoordinator;
			sourceTree = "<group>";
		};
		1B046127281F3E4A001141B4 /* ColorsScreenModule */ = {
			isa = PBXGroup;
			children = (
				1B04613A281F4065001141B4 /* Models */,
				1B046136281F3E83001141B4 /* Assembly */,
				1B046135281F3E7A001141B4 /* Factory */,
				1B046134281F3E72001141B4 /* Presentor */,
				1B046133281F3E69001141B4 /* Interactor */,
				1B046132281F3E63001141B4 /* View */,
			);
			path = ColorsScreenModule;
			sourceTree = "<group>";
		};
		1B046132281F3E63001141B4 /* View */ = {
			isa = PBXGroup;
			children = (
				1B04612C281F3E5E001141B4 /* ColorsScreenView.swift */,
				1B04613D281F42D0001141B4 /* ColorsScreenViewCell.swift */,
			);
			path = View;
			sourceTree = "<group>";
		};
		1B046133281F3E69001141B4 /* Interactor */ = {
			isa = PBXGroup;
			children = (
				1B04612B281F3E5E001141B4 /* ColorsScreenInteractor.swift */,
			);
			path = Interactor;
			sourceTree = "<group>";
		};
		1B046134281F3E72001141B4 /* Presentor */ = {
			isa = PBXGroup;
			children = (
				1B046129281F3E5E001141B4 /* ColorsScreenViewController.swift */,
			);
			path = Presentor;
			sourceTree = "<group>";
		};
		1B046135281F3E7A001141B4 /* Factory */ = {
			isa = PBXGroup;
			children = (
				1B046128281F3E5E001141B4 /* ColorsScreenFactory.swift */,
			);
			path = Factory;
			sourceTree = "<group>";
		};
		1B046136281F3E83001141B4 /* Assembly */ = {
			isa = PBXGroup;
			children = (
				1B04612A281F3E5E001141B4 /* ColorsScreenAssembly.swift */,
			);
			path = Assembly;
			sourceTree = "<group>";
		};
		1B046137281F3EBD001141B4 /* ColorsScreenCoordinator */ = {
			isa = PBXGroup;
			children = (
				1B046138281F3EDD001141B4 /* ColorsScreenCoordinator.swift */,
			);
			path = ColorsScreenCoordinator;
			sourceTree = "<group>";
		};
		1B04613A281F4065001141B4 /* Models */ = {
			isa = PBXGroup;
			children = (
				1B04613B281F40B9001141B4 /* ColorsScreenCell.swift */,
			);
			path = Models;
			sourceTree = "<group>";
		};
		1B04613F281F493A001141B4 /* FontsScreenModule */ = {
			isa = PBXGroup;
			children = (
				1B04614F281F498E001141B4 /* Models */,
				1B04614E281F496C001141B4 /* Assembly */,
				1B04614D281F4965001141B4 /* Factory */,
				1B04614C281F495A001141B4 /* Interactor */,
				1B04614B281F4954001141B4 /* Presenter */,
				1B04614A281F494E001141B4 /* View */,
			);
			path = FontsScreenModule;
			sourceTree = "<group>";
		};
		1B04614A281F494E001141B4 /* View */ = {
			isa = PBXGroup;
			children = (
				1B046144281F494A001141B4 /* FontsScreenView.swift */,
				1B046155281F4CFB001141B4 /* FontsScreenViewCell.swift */,
			);
			path = View;
			sourceTree = "<group>";
		};
		1B04614B281F4954001141B4 /* Presenter */ = {
			isa = PBXGroup;
			children = (
				1B046141281F494A001141B4 /* FontsScreenViewController.swift */,
			);
			path = Presenter;
			sourceTree = "<group>";
		};
		1B04614C281F495A001141B4 /* Interactor */ = {
			isa = PBXGroup;
			children = (
				1B046143281F494A001141B4 /* FontsScreenInteractor.swift */,
			);
			path = Interactor;
			sourceTree = "<group>";
		};
		1B04614D281F4965001141B4 /* Factory */ = {
			isa = PBXGroup;
			children = (
				1B046140281F494A001141B4 /* FontsScreenFactory.swift */,
			);
			path = Factory;
			sourceTree = "<group>";
		};
		1B04614E281F496C001141B4 /* Assembly */ = {
			isa = PBXGroup;
			children = (
				1B046142281F494A001141B4 /* FontsScreenAssembly.swift */,
			);
			path = Assembly;
			sourceTree = "<group>";
		};
		1B04614F281F498E001141B4 /* Models */ = {
			isa = PBXGroup;
			children = (
				1B046150281F49A4001141B4 /* FontsScreenCell.swift */,
			);
			path = Models;
			sourceTree = "<group>";
		};
		1B046152281F4A57001141B4 /* FontsScreenCoordinator */ = {
			isa = PBXGroup;
			children = (
				1B046153281F4A77001141B4 /* FontsScreenCoordinator.swift */,
			);
			path = FontsScreenCoordinator;
			sourceTree = "<group>";
		};
		1B046157281F51AF001141B4 /* CellsScreenModule */ = {
			isa = PBXGroup;
			children = (
				1B04616A281F5585001141B4 /* Models */,
				1B046166281F5200001141B4 /* Assembly */,
				1B046165281F51F2001141B4 /* Factory */,
				1B046164281F51DD001141B4 /* Presenter */,
				1B046163281F51D2001141B4 /* Interactor */,
				1B046162281F51CD001141B4 /* View */,
			);
			path = CellsScreenModule;
			sourceTree = "<group>";
		};
		1B046162281F51CD001141B4 /* View */ = {
			isa = PBXGroup;
			children = (
				1B04615C281F51C5001141B4 /* CellsScreenView.swift */,
			);
			path = View;
			sourceTree = "<group>";
		};
		1B046163281F51D2001141B4 /* Interactor */ = {
			isa = PBXGroup;
			children = (
				1B04615B281F51C5001141B4 /* CellsScreenInteractor.swift */,
			);
			path = Interactor;
			sourceTree = "<group>";
		};
		1B046164281F51DD001141B4 /* Presenter */ = {
			isa = PBXGroup;
			children = (
				1B046159281F51C5001141B4 /* CellsScreenViewController.swift */,
			);
			path = Presenter;
			sourceTree = "<group>";
		};
		1B046165281F51F2001141B4 /* Factory */ = {
			isa = PBXGroup;
			children = (
				1B04616F281F5942001141B4 /* CustomCells */,
				1B046158281F51C5001141B4 /* CellsScreenFactory.swift */,
				1B04616D281F5868001141B4 /* CellsScreenDataSource.swift */,
			);
			path = Factory;
			sourceTree = "<group>";
		};
		1B046166281F5200001141B4 /* Assembly */ = {
			isa = PBXGroup;
			children = (
				1B04615A281F51C5001141B4 /* CellsScreenAssembly.swift */,
			);
			path = Assembly;
			sourceTree = "<group>";
		};
		1B046167281F522F001141B4 /* CellsScreenCoordinator */ = {
			isa = PBXGroup;
			children = (
				1B046168281F5263001141B4 /* CellsScreenCoordinator.swift */,
			);
			path = CellsScreenCoordinator;
			sourceTree = "<group>";
		};
		1B04616A281F5585001141B4 /* Models */ = {
			isa = PBXGroup;
			children = (
				1BF061432974605F00DD6C76 /* CellsScreenCell.swift */,
			);
			path = Models;
			sourceTree = "<group>";
		};
		1B04616F281F5942001141B4 /* CustomCells */ = {
			isa = PBXGroup;
			children = (
				1BC179BD2975B14C00A8FB95 /* HeaderTitleAndSubtitleViewCell */,
				1BF061472974609100DD6C76 /* LinkTextViewCell */,
				1BF061452974609100DD6C76 /* OnboardingViewCell */,
				1BF061492974609100DD6C76 /* PurchasesCardsCell */,
				1B7431A828A7C82600205C2C /* TextFieldWithButton */,
				1B0ED19B28D48414001BACF6 /* TextFielAddPlayer */,
				1BB8624C28A94A16000C0372 /* DividerTableView */,
				1B7431A228A7B1B200205C2C /* PlayerInfo */,
				1B96E0C9281FFB6D00A23880 /* Button */,
				1B50066A28A6CA84009AABF2 /* Player */,
				1B3EF132287B0A1F00D667E1 /* LabelAndSwitchWithSegmented */,
				1B96E0DD2820295B00A23880 /* ScrollLabelGradient */,
				1B9D4569283C36D600A85F25 /* CustomPadding */,
				1BABD3ED283AC95800816B8C /* CustomText */,
				6C18DB51283AC2240031CC05 /* SmallButton */,
				6C18DB4C283ABE1B0031CC05 /* LabelAndImage */,
				6C18DB47283AB6360031CC05 /* DoubleTitleCell */,
				6C18DB42283AA6090031CC05 /* LabelAndSwitch */,
				1B96E0D0282012FB00A23880 /* TextField */,
				1B96E0C2281FEE5800A23880 /* LabelGradient */,
				1B96E0C1281FE45800A23880 /* MainCard */,
			);
			path = CustomCells;
			sourceTree = "<group>";
		};
		1B0ED19B28D48414001BACF6 /* TextFielAddPlayer */ = {
			isa = PBXGroup;
			children = (
				1B0ED19C28D48441001BACF6 /* CellsScreenDataSource+TextFielAddPlayer.swift */,
			);
			path = TextFielAddPlayer;
			sourceTree = "<group>";
		};
		1B2D4DCE281C69AE003C201D /* Packages */ = {
			isa = PBXGroup;
			children = (
				1B2D4DCF281C69AE003C201D /* RandomUIKit */,
			);
			name = Packages;
			sourceTree = "<group>";
		};
		1B3EF132287B0A1F00D667E1 /* LabelAndSwitchWithSegmented */ = {
			isa = PBXGroup;
			children = (
				1B3EF133287B0A4500D667E1 /* CellsScreenDataSource+LabelAndSwitchWithSegmented.swift */,
			);
			path = LabelAndSwitchWithSegmented;
			sourceTree = "<group>";
		};
		1B50066A28A6CA84009AABF2 /* Player */ = {
			isa = PBXGroup;
			children = (
				1B50066B28A6CA9F009AABF2 /* CellsScreenDataSource+Player.swift */,
				1B50066D28A6CAB2009AABF2 /* PlayerTableViewCell.swift */,
			);
			path = Player;
			sourceTree = "<group>";
		};
		1B7431A228A7B1B200205C2C /* PlayerInfo */ = {
			isa = PBXGroup;
			children = (
				1B7431A328A7B1D500205C2C /* CellsScreenDataSource+PlayerInfo.swift */,
			);
			path = PlayerInfo;
			sourceTree = "<group>";
		};
		1B7431A828A7C82600205C2C /* TextFieldWithButton */ = {
			isa = PBXGroup;
			children = (
				1B7431A928A7C83F00205C2C /* CellsScreenDataSource+TextFieldWithButton.swift */,
			);
			path = TextFieldWithButton;
			sourceTree = "<group>";
		};
		1B92E0ED281DB46A00398966 /* System */ = {
			isa = PBXGroup;
			children = (
				1BB57063281C4F7B00AAF8BD /* Info.plist */,
				1BB57055281C4F7A00AAF8BD /* AppDelegate.swift */,
				1BB57057281C4F7A00AAF8BD /* SceneDelegate.swift */,
				1BB5705E281C4F7B00AAF8BD /* Assets.xcassets */,
				1BB57060281C4F7B00AAF8BD /* LaunchScreen.storyboard */,
			);
			path = System;
			sourceTree = "<group>";
		};
		1B96E0C1281FE45800A23880 /* MainCard */ = {
			isa = PBXGroup;
			children = (
				1B046170281F596D001141B4 /* CellsScreenDataSource+MainCard.swift */,
				1B046105281EE842001141B4 /* MainCardTableViewCell.swift */,
			);
			path = MainCard;
			sourceTree = "<group>";
		};
		1B96E0C2281FEE5800A23880 /* LabelGradient */ = {
			isa = PBXGroup;
			children = (
				1B96E0C5281FEEC600A23880 /* CellsScreenDataSource+LabelGradient.swift */,
				1B96E0C3281FEE8800A23880 /* LabelGradientTableViewCell.swift */,
			);
			path = LabelGradient;
			sourceTree = "<group>";
		};
		1B96E0C9281FFB6D00A23880 /* Button */ = {
			isa = PBXGroup;
			children = (
				1B96E0CA281FFB8900A23880 /* CellsScreenDataSource+Button.swift */,
			);
			path = Button;
			sourceTree = "<group>";
		};
		1B96E0D0282012FB00A23880 /* TextField */ = {
			isa = PBXGroup;
			children = (
				1B96E0D12820131500A23880 /* CellsScreenDataSource+TextField.swift */,
				1B96E0D32820133E00A23880 /* TextFieldTableViewCell.swift */,
			);
			path = TextField;
			sourceTree = "<group>";
		};
		1B96E0D5282015D200A23880 /* ApplicationServices */ = {
			isa = PBXGroup;
			children = (
				1B96E0D6282015E100A23880 /* KeyboardService */,
			);
			path = ApplicationServices;
			sourceTree = "<group>";
		};
		1B96E0D6282015E100A23880 /* KeyboardService */ = {
			isa = PBXGroup;
			children = (
				1B96E0D7282015F000A23880 /* KeyboardService.swift */,
			);
			path = KeyboardService;
			sourceTree = "<group>";
		};
		1B96E0DD2820295B00A23880 /* ScrollLabelGradient */ = {
			isa = PBXGroup;
			children = (
				1B96E0DE2820297300A23880 /* CellsScreenDataSource+ScrollLabelGradient.swift */,
				1B96E0E02820299500A23880 /* ScrollLabelGradientTableViewCell.swift */,
			);
			path = ScrollLabelGradient;
			sourceTree = "<group>";
		};
		1B9D4569283C36D600A85F25 /* CustomPadding */ = {
			isa = PBXGroup;
			children = (
				1B9D456A283C370900A85F25 /* CustomPaddingCell.swift */,
				1B9D456C283C3AA700A85F25 /* CellsScreenDataSource+CustomPaddingCell.swift */,
			);
			path = CustomPadding;
			sourceTree = "<group>";
		};
		1BABD3ED283AC95800816B8C /* CustomText */ = {
			isa = PBXGroup;
			children = (
				1BABD3F0283ACB0500816B8C /* CellsScreenDataSource+CustomTextCell.swift */,
			);
			path = CustomText;
			sourceTree = "<group>";
		};
		1BB57049281C4F7A00AAF8BD = {
			isa = PBXGroup;
			children = (
				1B2D4DCE281C69AE003C201D /* Packages */,
				1BB57054281C4F7A00AAF8BD /* RandomUIKitExample */,
				1BB57053281C4F7A00AAF8BD /* Products */,
				1B0460D9281EB1C1001141B4 /* Frameworks */,
			);
			sourceTree = "<group>";
		};
		1BB57053281C4F7A00AAF8BD /* Products */ = {
			isa = PBXGroup;
			children = (
				1BB57052281C4F7A00AAF8BD /* RandomUIKitExample.app */,
			);
			name = Products;
			sourceTree = "<group>";
		};
		1BB57054281C4F7A00AAF8BD /* RandomUIKitExample */ = {
			isa = PBXGroup;
			children = (
				1B96E0D5282015D200A23880 /* ApplicationServices */,
				1B046102281EE649001141B4 /* Extension */,
				1B046110281F1711001141B4 /* Modules */,
				1B046109281F042C001141B4 /* Navigation */,
				1B92E0ED281DB46A00398966 /* System */,
			);
			path = RandomUIKitExample;
			sourceTree = "<group>";
		};
		1BB8624C28A94A16000C0372 /* DividerTableView */ = {
			isa = PBXGroup;
			children = (
				1BB8624D28A94A31000C0372 /* CellsScreenDataSource+DividerTableViewCell.swift */,
			);
			path = DividerTableView;
			sourceTree = "<group>";
		};
		1BC179BD2975B14C00A8FB95 /* HeaderTitleAndSubtitleViewCell */ = {
			isa = PBXGroup;
			children = (
				1BC179BE2975B16100A8FB95 /* CellsScreenDataSource+HeaderTitleAndSubtitleViewCell.swift */,
			);
			path = HeaderTitleAndSubtitleViewCell;
			sourceTree = "<group>";
		};
		1BF061452974609100DD6C76 /* OnboardingViewCell */ = {
			isa = PBXGroup;
			children = (
				1BF061462974609100DD6C76 /* CellsScreenDataSource+OnboardingViewCell.swift */,
			);
			path = OnboardingViewCell;
			sourceTree = "<group>";
		};
		1BF061472974609100DD6C76 /* LinkTextViewCell */ = {
			isa = PBXGroup;
			children = (
				1BF061482974609100DD6C76 /* CellsScreenDataSource+LinkTextViewCell.swift */,
			);
			path = LinkTextViewCell;
			sourceTree = "<group>";
		};
		1BF061492974609100DD6C76 /* PurchasesCardsCell */ = {
			isa = PBXGroup;
			children = (
				1BF0614A2974609100DD6C76 /* CellsScreenDataSource+PurchasesCardsCell.swift */,
			);
			path = PurchasesCardsCell;
			sourceTree = "<group>";
		};
		6C18DB42283AA6090031CC05 /* LabelAndSwitch */ = {
			isa = PBXGroup;
			children = (
				6C18DB43283AA6630031CC05 /* CellsScreenDataSource+LabelAndSwitchCell.swift */,
			);
			path = LabelAndSwitch;
			sourceTree = "<group>";
		};
		6C18DB47283AB6360031CC05 /* DoubleTitleCell */ = {
			isa = PBXGroup;
			children = (
				6C18DB4A283AB9D50031CC05 /* CellsScreenDataSource+DoubleTitleCell.swift */,
			);
			path = DoubleTitleCell;
			sourceTree = "<group>";
		};
		6C18DB4C283ABE1B0031CC05 /* LabelAndImage */ = {
			isa = PBXGroup;
			children = (
				6C18DB4F283AC04D0031CC05 /* CellsScreenDataSource+LabelAndImageCell.swift */,
			);
			path = LabelAndImage;
			sourceTree = "<group>";
		};
		6C18DB51283AC2240031CC05 /* SmallButton */ = {
			isa = PBXGroup;
			children = (
				6C18DB54283AC5620031CC05 /* CellsScreenDataSource+SmallButtonCell.swift */,
			);
			path = SmallButton;
			sourceTree = "<group>";
		};
/* End PBXGroup section */

/* Begin PBXNativeTarget section */
		1BB57051281C4F7A00AAF8BD /* RandomUIKitExample */ = {
			isa = PBXNativeTarget;
			buildConfigurationList = 1BB57066281C4F7B00AAF8BD /* Build configuration list for PBXNativeTarget "RandomUIKitExample" */;
			buildPhases = (
				1BB5704E281C4F7A00AAF8BD /* Sources */,
				1BB5704F281C4F7A00AAF8BD /* Frameworks */,
				1BB57050281C4F7A00AAF8BD /* Resources */,
			);
			buildRules = (
			);
			dependencies = (
			);
			name = RandomUIKitExample;
			packageProductDependencies = (
				1B0460DA281EB1C1001141B4 /* RandomUIKit */,
			);
			productName = RandomUIKitExample;
			productReference = 1BB57052281C4F7A00AAF8BD /* RandomUIKitExample.app */;
			productType = "com.apple.product-type.application";
		};
/* End PBXNativeTarget section */

/* Begin PBXProject section */
		1BB5704A281C4F7A00AAF8BD /* Project object */ = {
			isa = PBXProject;
			attributes = {
				BuildIndependentTargetsInParallel = 1;
				LastSwiftUpdateCheck = 1330;
				LastUpgradeCheck = 1330;
				TargetAttributes = {
					1BB57051281C4F7A00AAF8BD = {
						CreatedOnToolsVersion = 13.3.1;
					};
				};
			};
			buildConfigurationList = 1BB5704D281C4F7A00AAF8BD /* Build configuration list for PBXProject "RandomUIKitExample" */;
			compatibilityVersion = "Xcode 13.0";
			developmentRegion = en;
			hasScannedForEncodings = 0;
			knownRegions = (
				en,
				Base,
			);
			mainGroup = 1BB57049281C4F7A00AAF8BD;
			packageReferences = (
			);
			productRefGroup = 1BB57053281C4F7A00AAF8BD /* Products */;
			projectDirPath = "";
			projectRoot = "";
			targets = (
				1BB57051281C4F7A00AAF8BD /* RandomUIKitExample */,
			);
		};
/* End PBXProject section */

/* Begin PBXResourcesBuildPhase section */
		1BB57050281C4F7A00AAF8BD /* Resources */ = {
			isa = PBXResourcesBuildPhase;
			buildActionMask = 2147483647;
			files = (
				1BB57062281C4F7B00AAF8BD /* LaunchScreen.storyboard in Resources */,
				1BB5705F281C4F7B00AAF8BD /* Assets.xcassets in Resources */,
			);
			runOnlyForDeploymentPostprocessing = 0;
		};
/* End PBXResourcesBuildPhase section */

/* Begin PBXSourcesBuildPhase section */
		1BB5704E281C4F7A00AAF8BD /* Sources */ = {
			isa = PBXSourcesBuildPhase;
			buildActionMask = 2147483647;
			files = (
				1B9D456B283C370900A85F25 /* CustomPaddingCell.swift in Sources */,
				1BB8624E28A94A31000C0372 /* CellsScreenDataSource+DividerTableViewCell.swift in Sources */,
				1B96E0DF2820297300A23880 /* CellsScreenDataSource+ScrollLabelGradient.swift in Sources */,
				1B046119281F1754001141B4 /* MainScreenAssembly.swift in Sources */,
				1B04611B281F1754001141B4 /* MainScreenView.swift in Sources */,
				1B046123281F1B50001141B4 /* MainScreenCollectionViewCell.swift in Sources */,
				1BABD3F1283ACB0500816B8C /* CellsScreenDataSource+CustomTextCell.swift in Sources */,
				1B04611A281F1754001141B4 /* MainScreenInteractor.swift in Sources */,
				1B9D456D283C3AA700A85F25 /* CellsScreenDataSource+CustomPaddingCell.swift in Sources */,
				1B04612F281F3E5E001141B4 /* ColorsScreenAssembly.swift in Sources */,
				6C18DB4B283AB9D50031CC05 /* CellsScreenDataSource+DoubleTitleCell.swift in Sources */,
				1B04615F281F51C5001141B4 /* CellsScreenAssembly.swift in Sources */,
				1B046139281F3EDD001141B4 /* ColorsScreenCoordinator.swift in Sources */,
				1B7431AA28A7C83F00205C2C /* CellsScreenDataSource+TextFieldWithButton.swift in Sources */,
				1B046149281F494A001141B4 /* FontsScreenView.swift in Sources */,
				1BF0614D2974609100DD6C76 /* CellsScreenDataSource+PurchasesCardsCell.swift in Sources */,
				1B046131281F3E5E001141B4 /* ColorsScreenView.swift in Sources */,
				1B046151281F49A4001141B4 /* FontsScreenCell.swift in Sources */,
				6C18DB55283AC5620031CC05 /* CellsScreenDataSource+SmallButtonCell.swift in Sources */,
				1BF0614C2974609100DD6C76 /* CellsScreenDataSource+LinkTextViewCell.swift in Sources */,
				1B046147281F494A001141B4 /* FontsScreenAssembly.swift in Sources */,
				1B0ED19D28D48441001BACF6 /* CellsScreenDataSource+TextFielAddPlayer.swift in Sources */,
				1BC179BF2975B16100A8FB95 /* CellsScreenDataSource+HeaderTitleAndSubtitleViewCell.swift in Sources */,
				1B046154281F4A77001141B4 /* FontsScreenCoordinator.swift in Sources */,
				6C18DB44283AA6630031CC05 /* CellsScreenDataSource+LabelAndSwitchCell.swift in Sources */,
				1B046161281F51C5001141B4 /* CellsScreenView.swift in Sources */,
				1B04610D281F0443001141B4 /* MainScreenCoordinator.swift in Sources */,
				1B04613C281F40B9001141B4 /* ColorsScreenCell.swift in Sources */,
				1B046106281EE842001141B4 /* MainCardTableViewCell.swift in Sources */,
				1B046108281EF87B001141B4 /* ComposableTableDataSource.swift in Sources */,
				1BF061442974605F00DD6C76 /* CellsScreenCell.swift in Sources */,
				1B96E0CB281FFB8900A23880 /* CellsScreenDataSource+Button.swift in Sources */,
				1B04612D281F3E5E001141B4 /* ColorsScreenFactory.swift in Sources */,
				1B04615D281F51C5001141B4 /* CellsScreenFactory.swift in Sources */,
				1BB57056281C4F7A00AAF8BD /* AppDelegate.swift in Sources */,
				1B046169281F5263001141B4 /* CellsScreenCoordinator.swift in Sources */,
				1B96E0D42820133E00A23880 /* TextFieldTableViewCell.swift in Sources */,
				1B50066C28A6CA9F009AABF2 /* CellsScreenDataSource+Player.swift in Sources */,
				1B046156281F4CFB001141B4 /* FontsScreenViewCell.swift in Sources */,
				1B96E0C4281FEE8800A23880 /* LabelGradientTableViewCell.swift in Sources */,
				1BB57058281C4F7A00AAF8BD /* SceneDelegate.swift in Sources */,
				6C18DB50283AC04D0031CC05 /* CellsScreenDataSource+LabelAndImageCell.swift in Sources */,
				1B04615E281F51C5001141B4 /* CellsScreenViewController.swift in Sources */,
				1B046125281F1E54001141B4 /* MainScreenCell.swift in Sources */,
				1B046130281F3E5E001141B4 /* ColorsScreenInteractor.swift in Sources */,
				1B3EF134287B0A4500D667E1 /* CellsScreenDataSource+LabelAndSwitchWithSegmented.swift in Sources */,
				1B04610E281F0443001141B4 /* RootCoordinator.swift in Sources */,
				1B046160281F51C5001141B4 /* CellsScreenInteractor.swift in Sources */,
				1B04612E281F3E5E001141B4 /* ColorsScreenViewController.swift in Sources */,
				1B04616E281F5868001141B4 /* CellsScreenDataSource.swift in Sources */,
				1B046118281F1754001141B4 /* MainScreenViewController.swift in Sources */,
				1B96E0D22820131500A23880 /* CellsScreenDataSource+TextField.swift in Sources */,
				1B046117281F1754001141B4 /* MainScreenFactory.swift in Sources */,
				1B50066E28A6CAB2009AABF2 /* PlayerTableViewCell.swift in Sources */,
				1B96E0E12820299500A23880 /* ScrollLabelGradientTableViewCell.swift in Sources */,
				1BF0614B2974609100DD6C76 /* CellsScreenDataSource+OnboardingViewCell.swift in Sources */,
				1B96E0D8282015F000A23880 /* KeyboardService.swift in Sources */,
				1B7431A428A7B1D500205C2C /* CellsScreenDataSource+PlayerInfo.swift in Sources */,
				1B96E0C6281FEEC600A23880 /* CellsScreenDataSource+LabelGradient.swift in Sources */,
				1B046171281F596D001141B4 /* CellsScreenDataSource+MainCard.swift in Sources */,
				1B046148281F494A001141B4 /* FontsScreenInteractor.swift in Sources */,
				1B04613E281F42D0001141B4 /* ColorsScreenViewCell.swift in Sources */,
				1B046146281F494A001141B4 /* FontsScreenViewController.swift in Sources */,
				1B046145281F494A001141B4 /* FontsScreenFactory.swift in Sources */,
				1B04610F281F0443001141B4 /* Coordinator.swift in Sources */,
			);
			runOnlyForDeploymentPostprocessing = 0;
		};
/* End PBXSourcesBuildPhase section */

/* Begin PBXVariantGroup section */
		1BB57060281C4F7B00AAF8BD /* LaunchScreen.storyboard */ = {
			isa = PBXVariantGroup;
			children = (
				1BB57061281C4F7B00AAF8BD /* Base */,
			);
			name = LaunchScreen.storyboard;
			sourceTree = "<group>";
		};
/* End PBXVariantGroup section */

/* Begin XCBuildConfiguration section */
		1BB57064281C4F7B00AAF8BD /* Debug */ = {
			isa = XCBuildConfiguration;
			buildSettings = {
				ALWAYS_SEARCH_USER_PATHS = NO;
				CLANG_ANALYZER_NONNULL = YES;
				CLANG_ANALYZER_NUMBER_OBJECT_CONVERSION = YES_AGGRESSIVE;
				CLANG_CXX_LANGUAGE_STANDARD = "gnu++17";
				CLANG_ENABLE_MODULES = YES;
				CLANG_ENABLE_OBJC_ARC = YES;
				CLANG_ENABLE_OBJC_WEAK = YES;
				CLANG_WARN_BLOCK_CAPTURE_AUTORELEASING = YES;
				CLANG_WARN_BOOL_CONVERSION = YES;
				CLANG_WARN_COMMA = YES;
				CLANG_WARN_CONSTANT_CONVERSION = YES;
				CLANG_WARN_DEPRECATED_OBJC_IMPLEMENTATIONS = YES;
				CLANG_WARN_DIRECT_OBJC_ISA_USAGE = YES_ERROR;
				CLANG_WARN_DOCUMENTATION_COMMENTS = YES;
				CLANG_WARN_EMPTY_BODY = YES;
				CLANG_WARN_ENUM_CONVERSION = YES;
				CLANG_WARN_INFINITE_RECURSION = YES;
				CLANG_WARN_INT_CONVERSION = YES;
				CLANG_WARN_NON_LITERAL_NULL_CONVERSION = YES;
				CLANG_WARN_OBJC_IMPLICIT_RETAIN_SELF = YES;
				CLANG_WARN_OBJC_LITERAL_CONVERSION = YES;
				CLANG_WARN_OBJC_ROOT_CLASS = YES_ERROR;
				CLANG_WARN_QUOTED_INCLUDE_IN_FRAMEWORK_HEADER = YES;
				CLANG_WARN_RANGE_LOOP_ANALYSIS = YES;
				CLANG_WARN_STRICT_PROTOTYPES = YES;
				CLANG_WARN_SUSPICIOUS_MOVE = YES;
				CLANG_WARN_UNGUARDED_AVAILABILITY = YES_AGGRESSIVE;
				CLANG_WARN_UNREACHABLE_CODE = YES;
				CLANG_WARN__DUPLICATE_METHOD_MATCH = YES;
				COPY_PHASE_STRIP = NO;
				DEBUG_INFORMATION_FORMAT = dwarf;
				ENABLE_STRICT_OBJC_MSGSEND = YES;
				ENABLE_TESTABILITY = YES;
				GCC_C_LANGUAGE_STANDARD = gnu11;
				GCC_DYNAMIC_NO_PIC = NO;
				GCC_NO_COMMON_BLOCKS = YES;
				GCC_OPTIMIZATION_LEVEL = 0;
				GCC_PREPROCESSOR_DEFINITIONS = (
					"DEBUG=1",
					"$(inherited)",
				);
				GCC_WARN_64_TO_32_BIT_CONVERSION = YES;
				GCC_WARN_ABOUT_RETURN_TYPE = YES_ERROR;
				GCC_WARN_UNDECLARED_SELECTOR = YES;
				GCC_WARN_UNINITIALIZED_AUTOS = YES_AGGRESSIVE;
				GCC_WARN_UNUSED_FUNCTION = YES;
				GCC_WARN_UNUSED_VARIABLE = YES;
				IPHONEOS_DEPLOYMENT_TARGET = 13.0;
				MTL_ENABLE_DEBUG_INFO = INCLUDE_SOURCE;
				MTL_FAST_MATH = YES;
				ONLY_ACTIVE_ARCH = YES;
				SDKROOT = iphoneos;
				SWIFT_ACTIVE_COMPILATION_CONDITIONS = DEBUG;
				SWIFT_OPTIMIZATION_LEVEL = "-Onone";
			};
			name = Debug;
		};
		1BB57065281C4F7B00AAF8BD /* Release */ = {
			isa = XCBuildConfiguration;
			buildSettings = {
				ALWAYS_SEARCH_USER_PATHS = NO;
				CLANG_ANALYZER_NONNULL = YES;
				CLANG_ANALYZER_NUMBER_OBJECT_CONVERSION = YES_AGGRESSIVE;
				CLANG_CXX_LANGUAGE_STANDARD = "gnu++17";
				CLANG_ENABLE_MODULES = YES;
				CLANG_ENABLE_OBJC_ARC = YES;
				CLANG_ENABLE_OBJC_WEAK = YES;
				CLANG_WARN_BLOCK_CAPTURE_AUTORELEASING = YES;
				CLANG_WARN_BOOL_CONVERSION = YES;
				CLANG_WARN_COMMA = YES;
				CLANG_WARN_CONSTANT_CONVERSION = YES;
				CLANG_WARN_DEPRECATED_OBJC_IMPLEMENTATIONS = YES;
				CLANG_WARN_DIRECT_OBJC_ISA_USAGE = YES_ERROR;
				CLANG_WARN_DOCUMENTATION_COMMENTS = YES;
				CLANG_WARN_EMPTY_BODY = YES;
				CLANG_WARN_ENUM_CONVERSION = YES;
				CLANG_WARN_INFINITE_RECURSION = YES;
				CLANG_WARN_INT_CONVERSION = YES;
				CLANG_WARN_NON_LITERAL_NULL_CONVERSION = YES;
				CLANG_WARN_OBJC_IMPLICIT_RETAIN_SELF = YES;
				CLANG_WARN_OBJC_LITERAL_CONVERSION = YES;
				CLANG_WARN_OBJC_ROOT_CLASS = YES_ERROR;
				CLANG_WARN_QUOTED_INCLUDE_IN_FRAMEWORK_HEADER = YES;
				CLANG_WARN_RANGE_LOOP_ANALYSIS = YES;
				CLANG_WARN_STRICT_PROTOTYPES = YES;
				CLANG_WARN_SUSPICIOUS_MOVE = YES;
				CLANG_WARN_UNGUARDED_AVAILABILITY = YES_AGGRESSIVE;
				CLANG_WARN_UNREACHABLE_CODE = YES;
				CLANG_WARN__DUPLICATE_METHOD_MATCH = YES;
				COPY_PHASE_STRIP = NO;
				DEBUG_INFORMATION_FORMAT = "dwarf-with-dsym";
				ENABLE_NS_ASSERTIONS = NO;
				ENABLE_STRICT_OBJC_MSGSEND = YES;
				GCC_C_LANGUAGE_STANDARD = gnu11;
				GCC_NO_COMMON_BLOCKS = YES;
				GCC_WARN_64_TO_32_BIT_CONVERSION = YES;
				GCC_WARN_ABOUT_RETURN_TYPE = YES_ERROR;
				GCC_WARN_UNDECLARED_SELECTOR = YES;
				GCC_WARN_UNINITIALIZED_AUTOS = YES_AGGRESSIVE;
				GCC_WARN_UNUSED_FUNCTION = YES;
				GCC_WARN_UNUSED_VARIABLE = YES;
				IPHONEOS_DEPLOYMENT_TARGET = 13.0;
				MTL_ENABLE_DEBUG_INFO = NO;
				MTL_FAST_MATH = YES;
				SDKROOT = iphoneos;
				SWIFT_COMPILATION_MODE = wholemodule;
				SWIFT_OPTIMIZATION_LEVEL = "-O";
				VALIDATE_PRODUCT = YES;
			};
			name = Release;
		};
		1BB57067281C4F7B00AAF8BD /* Debug */ = {
			isa = XCBuildConfiguration;
			buildSettings = {
				ASSETCATALOG_COMPILER_APPICON_NAME = AppIcon;
				ASSETCATALOG_COMPILER_GLOBAL_ACCENT_COLOR_NAME = AccentColor;
				CODE_SIGN_STYLE = Automatic;
				CURRENT_PROJECT_VERSION = 1;
				DEVELOPMENT_TEAM = 34VDSPZYU9;
				EXCLUDED_ARCHS = "";
				"EXCLUDED_ARCHS[sdk=iphonesimulator*]" = "";
				GENERATE_INFOPLIST_FILE = YES;
				INFOPLIST_FILE = RandomUIKitExample/System/Info.plist;
				INFOPLIST_KEY_UIApplicationSupportsIndirectInputEvents = YES;
				INFOPLIST_KEY_UILaunchStoryboardName = LaunchScreen;
				INFOPLIST_KEY_UISupportedInterfaceOrientations_iPad = "UIInterfaceOrientationPortrait UIInterfaceOrientationPortraitUpsideDown UIInterfaceOrientationLandscapeLeft UIInterfaceOrientationLandscapeRight";
				INFOPLIST_KEY_UISupportedInterfaceOrientations_iPhone = "UIInterfaceOrientationPortrait UIInterfaceOrientationLandscapeLeft UIInterfaceOrientationLandscapeRight";
				IPHONEOS_DEPLOYMENT_TARGET = 13.0;
				LD_RUNPATH_SEARCH_PATHS = (
					"$(inherited)",
					"@executable_path/Frameworks",
				);
				MARKETING_VERSION = 1.0.0;
				PRODUCT_BUNDLE_IDENTIFIER = com.sosinvitalii.RandomUIKitExample;
				PRODUCT_NAME = "$(TARGET_NAME)";
				SWIFT_EMIT_LOC_STRINGS = YES;
				SWIFT_VERSION = 5.0;
				TARGETED_DEVICE_FAMILY = 1;
			};
			name = Debug;
		};
		1BB57068281C4F7B00AAF8BD /* Release */ = {
			isa = XCBuildConfiguration;
			buildSettings = {
				ASSETCATALOG_COMPILER_APPICON_NAME = AppIcon;
				ASSETCATALOG_COMPILER_GLOBAL_ACCENT_COLOR_NAME = AccentColor;
				CODE_SIGN_STYLE = Automatic;
				CURRENT_PROJECT_VERSION = 1;
				DEVELOPMENT_TEAM = 34VDSPZYU9;
				EXCLUDED_ARCHS = "";
				"EXCLUDED_ARCHS[sdk=iphonesimulator*]" = "";
				GENERATE_INFOPLIST_FILE = YES;
				INFOPLIST_FILE = RandomUIKitExample/System/Info.plist;
				INFOPLIST_KEY_UIApplicationSupportsIndirectInputEvents = YES;
				INFOPLIST_KEY_UILaunchStoryboardName = LaunchScreen;
				INFOPLIST_KEY_UISupportedInterfaceOrientations_iPad = "UIInterfaceOrientationPortrait UIInterfaceOrientationPortraitUpsideDown UIInterfaceOrientationLandscapeLeft UIInterfaceOrientationLandscapeRight";
				INFOPLIST_KEY_UISupportedInterfaceOrientations_iPhone = "UIInterfaceOrientationPortrait UIInterfaceOrientationLandscapeLeft UIInterfaceOrientationLandscapeRight";
				IPHONEOS_DEPLOYMENT_TARGET = 13.0;
				LD_RUNPATH_SEARCH_PATHS = (
					"$(inherited)",
					"@executable_path/Frameworks",
				);
				MARKETING_VERSION = 1.0.0;
				PRODUCT_BUNDLE_IDENTIFIER = com.sosinvitalii.RandomUIKitExample;
				PRODUCT_NAME = "$(TARGET_NAME)";
				SWIFT_EMIT_LOC_STRINGS = YES;
				SWIFT_VERSION = 5.0;
				TARGETED_DEVICE_FAMILY = 1;
			};
			name = Release;
		};
/* End XCBuildConfiguration section */

/* Begin XCConfigurationList section */
		1BB5704D281C4F7A00AAF8BD /* Build configuration list for PBXProject "RandomUIKitExample" */ = {
			isa = XCConfigurationList;
			buildConfigurations = (
				1BB57064281C4F7B00AAF8BD /* Debug */,
				1BB57065281C4F7B00AAF8BD /* Release */,
			);
			defaultConfigurationIsVisible = 0;
			defaultConfigurationName = Release;
		};
		1BB57066281C4F7B00AAF8BD /* Build configuration list for PBXNativeTarget "RandomUIKitExample" */ = {
			isa = XCConfigurationList;
			buildConfigurations = (
				1BB57067281C4F7B00AAF8BD /* Debug */,
				1BB57068281C4F7B00AAF8BD /* Release */,
			);
			defaultConfigurationIsVisible = 0;
			defaultConfigurationName = Release;
		};
/* End XCConfigurationList section */

/* Begin XCSwiftPackageProductDependency section */
		1B0460DA281EB1C1001141B4 /* RandomUIKit */ = {
			isa = XCSwiftPackageProductDependency;
			productName = RandomUIKit;
		};
/* End XCSwiftPackageProductDependency section */
	};
	rootObject = 1BB5704A281C4F7A00AAF8BD /* Project object */;
}
